<?xml version="1.0" encoding="utf-8"?>
<Project ToolsVersion="4.0" xmlns="http://schemas.microsoft.com/developer/msbuild/2003">
  <ItemGroup>
    <ClCompile Include="proc.cpp" />
    <ClCompile Include="stdafx.cpp" />
    <ClCompile Include="main.cpp">
      <Filter>Hacks</Filter>
    </ClCompile>
  </ItemGroup>
  <ItemGroup>
    <ClInclude Include="proc.h" />
    <ClInclude Include="stdafx.h" />
    <ClInclude Include="targetver.h" />
    <ClInclude Include="Shit.h">
      <Filter>Header Files</Filter>
    </ClInclude>
    <ClInclude Include="LeMenu.h">
      <Filter>Header Files</Filter>
    </ClInclude>
    <ClInclude Include="Colours.h">
      <Filter>Header Files</Filter>
    </ClInclude>
    <ClInclude Include="Xor.h">
      <Filter>Header Files</Filter>
    </ClInclude>
    <ClInclude Include="Colors.h">
      <Filter>Header Files</Filter>
    </ClInclude>
  </ItemGroup>
  <ItemGroup>
    <Filter Include="Hacks">
      <UniqueIdentifier>{e111aad8-0b03-49b2-b752-23dce5e040f3}</UniqueIdentifier>
    </Filter>
    <Filter Include="Header Files">
      <UniqueIdentifier>{e509e451-8c46-435d-a43b-859c09d6509e}</UniqueIdentifier>
    </Filter>
  </ItemGroup>
</Project>